
Microsoft Visual Studio Solution File, Format Version 12.00
# Visual Studio Express 2012 for Web
Project("{FAE04EC0-301F-11D3-BF4B-00C04F79EFBC}") = "Moccacito", "Moccacito\Moccacito.csproj", "{6C82E691-28EA-400C-9AAA-081A2A65F401}"
EndProject
Global
	GlobalSection(SolutionConfigurationPlatforms) = preSolution
		Debug|Any CPU = Debug|Any CPU
		Release|Any CPU = Release|Any CPU
		Test|Any CPU = Test|Any CPU
	EndGlobalSection
	GlobalSection(ProjectConfigurationPlatforms) = postSolution
		{6C82E691-28EA-400C-9AAA-081A2A65F401}.Debug|Any CPU.ActiveCfg = Debug|Any CPU
		{6C82E691-28EA-400C-9AAA-081A2A65F401}.Debug|Any CPU.Build.0 = Debug|Any CPU
		{6C82E691-28EA-400C-9AAA-081A2A65F401}.Release|Any CPU.ActiveCfg = Release|Any CPU
		{6C82E691-28EA-400C-9AAA-081A2A65F401}.Release|Any CPU.Build.0 = Release|Any CPU
		{6C82E691-28EA-400C-9AAA-081A2A65F401}.Test|Any CPU.ActiveCfg = Test|Any CPU
		{6C82E691-28EA-400C-9AAA-081A2A65F401}.Test|Any CPU.Build.0 = Test|Any CPU
	EndGlobalSection
	GlobalSection(SolutionProperties) = preSolution
		HideSolutionNode = FALSE
	EndGlobalSection
EndGlobal
